
Microsoft Visual Studio Solution File, Format Version 12.00
# Visual Studio Version 17
VisualStudioVersion = 17.2.32526.322
MinimumVisualStudioVersion = 10.0.40219.1
Project("{2150E333-8FDC-42A3-9474-1A3956D46DE8}") = "Solution Items", "Solution Items", "{42F21B27-CBA5-4FB6-A855-8B74F05F56CD}"
	ProjectSection(SolutionItems) = preProject
		appveyor.yml = appveyor.yml
		CodeAnalysisDictionary.xml = CodeAnalysisDictionary.xml
		CommonAssemblyInfo.cs = CommonAssemblyInfo.cs
		LocalTestRun.testrunconfig = LocalTestRun.testrunconfig
		README.md = README.md
		T4Toolbox.Common.props = T4Toolbox.Common.props
	EndProjectSection
EndProject
Project("{2150E333-8FDC-42A3-9474-1A3956D46DE8}") = "src", "src", "{3594248C-C8A9-4EAB-8E63-0914300D4ECE}"
EndProject
Project("{2150E333-8FDC-42A3-9474-1A3956D46DE8}") = "test", "test", "{994DFDA5-97F7-4688-A2FA-6D8E7AB2BC18}"
	ProjectSection(SolutionItems) = preProject
		test\Settings.StyleCop = test\Settings.StyleCop
		test\T4Toolbox.Tests.props = test\T4Toolbox.Tests.props
		test\T4Toolbox.Tests.ruleset = test\T4Toolbox.Tests.ruleset
	EndProjectSection
EndProject
Project("{2150E333-8FDC-42A3-9474-1A3956D46DE8}") = "build", "build", "{0658B25D-9363-4E23-99F9-0A371A5AB636}"
	ProjectSection(SolutionItems) = preProject
		build\Module.psm1 = build\Module.psm1
		build\Module.tests.ps1 = build\Module.tests.ps1
	EndProjectSection
	ProjectSection(FolderStartupServices) = postProject
		{82A7F48D-3B50-4B1E-B82E-3ADA8210C358} = {82A7F48D-3B50-4B1E-B82E-3ADA8210C358}
	EndProjectSection
EndProject
Project("{FAE04EC0-301F-11D3-BF4B-00C04F79EFBC}") = "T4Toolbox.VisualStudio", "src\T4Toolbox.VisualStudio\T4Toolbox.VisualStudio.csproj", "{1E1E9161-CBE4-4538-928C-539AA5E70153}"
EndProject
Project("{FAE04EC0-301F-11D3-BF4B-00C04F79EFBC}") = "T4Toolbox.vsix", "src\T4Toolbox.vsix\T4Toolbox.vsix.csproj", "{8E492B04-AF03-4A88-9A5D-D34D2386A4E5}"
EndProject
Global
	GlobalSection(SolutionConfigurationPlatforms) = preSolution
		Debug|Any CPU = Debug|Any CPU
		Release|Any CPU = Release|Any CPU
	EndGlobalSection
	GlobalSection(ProjectConfigurationPlatforms) = postSolution
		{1E1E9161-CBE4-4538-928C-539AA5E70153}.Debug|Any CPU.ActiveCfg = Debug|Any CPU
		{1E1E9161-CBE4-4538-928C-539AA5E70153}.Debug|Any CPU.Build.0 = Debug|Any CPU
		{1E1E9161-CBE4-4538-928C-539AA5E70153}.Release|Any CPU.ActiveCfg = Release|Any CPU
		{1E1E9161-CBE4-4538-928C-539AA5E70153}.Release|Any CPU.Build.0 = Release|Any CPU
		{8E492B04-AF03-4A88-9A5D-D34D2386A4E5}.Debug|Any CPU.ActiveCfg = Debug|Any CPU
		{8E492B04-AF03-4A88-9A5D-D34D2386A4E5}.Debug|Any CPU.Build.0 = Debug|Any CPU
		{8E492B04-AF03-4A88-9A5D-D34D2386A4E5}.Release|Any CPU.ActiveCfg = Release|Any CPU
		{8E492B04-AF03-4A88-9A5D-D34D2386A4E5}.Release|Any CPU.Build.0 = Release|Any CPU
	EndGlobalSection
	GlobalSection(SolutionProperties) = preSolution
		HideSolutionNode = FALSE
	EndGlobalSection
	GlobalSection(NestedProjects) = preSolution
		{1E1E9161-CBE4-4538-928C-539AA5E70153} = {3594248C-C8A9-4EAB-8E63-0914300D4ECE}
		{8E492B04-AF03-4A88-9A5D-D34D2386A4E5} = {3594248C-C8A9-4EAB-8E63-0914300D4ECE}
	EndGlobalSection
	GlobalSection(ExtensibilityGlobals) = postSolution
		SolutionGuid = {7F9BD0ED-69A9-4DE9-8A45-BBE9F8744A87}
	EndGlobalSection
EndGlobal
